
Microsoft Visual Studio Solution File, Format Version 12.00
# Visual Studio 2013
VisualStudioVersion = 12.0.31101.0
MinimumVisualStudioVersion = 10.0.40219.1
Project("{FAE04EC0-301F-11D3-BF4B-00C04F79EFBC}") = "ExpenseTracker.Repository", "ExpenseTracker.Repository\ExpenseTracker.Repository.csproj", "{C6829C57-58DA-411A-875A-5FBA32D256DD}"
EndProject
Project("{FAE04EC0-301F-11D3-BF4B-00C04F79EFBC}") = "ExpenseTracker.Api", "ExpenseTracker.Api\ExpenseTracker.Api.csproj", "{C90BC908-6F84-4651-91E1-06944A8E0CF1}"
EndProject
Project("{FAE04EC0-301F-11D3-BF4B-00C04F79EFBC}") = "ExpenseTracker.DTO", "ExpenseTracker.DTO\ExpenseTracker.DTO.csproj", "{588BE4FA-CD71-486C-992A-2D357F45C14F}"
EndProject
Project("{FAE04EC0-301F-11D3-BF4B-00C04F79EFBC}") = "ExpenseTracker.Constants", "ExpenseTracker.Constants\ExpenseTracker.Constants.csproj", "{19D43F30-71C1-4196-843E-F697F5580B38}"
EndProject
Project("{FAE04EC0-301F-11D3-BF4B-00C04F79EFBC}") = "ExpenseTracker.WebClient", "ExpenseTracker.WebClient\ExpenseTracker.WebClient.csproj", "{1ABC69BD-017C-40FB-8941-E4F0DF409758}"
EndProject
Project("{FAE04EC0-301F-11D3-BF4B-00C04F79EFBC}") = "ExpenseTracker.MobileClient", "ExpenseTracker.MobileClient\ExpenseTracker.MobileClient.csproj", "{5D7575F5-8116-40D0-A54F-094D401E1B58}"
EndProject
Project("{FAE04EC0-301F-11D3-BF4B-00C04F79EFBC}") = "ExpenseTracker.IdSrv", "ExpenseTracker.IdSrv\ExpenseTracker.IdSrv.csproj", "{95086C3E-8DD3-43A0-B8B4-EC8FDB15BC76}"
EndProject
Global
	GlobalSection(SolutionConfigurationPlatforms) = preSolution
		Debug|Any CPU = Debug|Any CPU
		Debug|ARM = Debug|ARM
		Debug|x86 = Debug|x86
		Release|Any CPU = Release|Any CPU
		Release|ARM = Release|ARM
		Release|x86 = Release|x86
	EndGlobalSection
	GlobalSection(ProjectConfigurationPlatforms) = postSolution
		{C6829C57-58DA-411A-875A-5FBA32D256DD}.Debug|Any CPU.ActiveCfg = Debug|Any CPU
		{C6829C57-58DA-411A-875A-5FBA32D256DD}.Debug|Any CPU.Build.0 = Debug|Any CPU
		{C6829C57-58DA-411A-875A-5FBA32D256DD}.Debug|ARM.ActiveCfg = Debug|Any CPU
		{C6829C57-58DA-411A-875A-5FBA32D256DD}.Debug|x86.ActiveCfg = Debug|Any CPU
		{C6829C57-58DA-411A-875A-5FBA32D256DD}.Release|Any CPU.ActiveCfg = Release|Any CPU
		{C6829C57-58DA-411A-875A-5FBA32D256DD}.Release|Any CPU.Build.0 = Release|Any CPU
		{C6829C57-58DA-411A-875A-5FBA32D256DD}.Release|ARM.ActiveCfg = Release|Any CPU
		{C6829C57-58DA-411A-875A-5FBA32D256DD}.Release|x86.ActiveCfg = Release|Any CPU
		{C90BC908-6F84-4651-91E1-06944A8E0CF1}.Debug|Any CPU.ActiveCfg = Debug|Any CPU
		{C90BC908-6F84-4651-91E1-06944A8E0CF1}.Debug|Any CPU.Build.0 = Debug|Any CPU
		{C90BC908-6F84-4651-91E1-06944A8E0CF1}.Debug|ARM.ActiveCfg = Debug|Any CPU
		{C90BC908-6F84-4651-91E1-06944A8E0CF1}.Debug|x86.ActiveCfg = Debug|Any CPU
		{C90BC908-6F84-4651-91E1-06944A8E0CF1}.Release|Any CPU.ActiveCfg = Release|Any CPU
		{C90BC908-6F84-4651-91E1-06944A8E0CF1}.Release|Any CPU.Build.0 = Release|Any CPU
		{C90BC908-6F84-4651-91E1-06944A8E0CF1}.Release|ARM.ActiveCfg = Release|Any CPU
		{C90BC908-6F84-4651-91E1-06944A8E0CF1}.Release|x86.ActiveCfg = Release|Any CPU
		{588BE4FA-CD71-486C-992A-2D357F45C14F}.Debug|Any CPU.ActiveCfg = Debug|Any CPU
		{588BE4FA-CD71-486C-992A-2D357F45C14F}.Debug|Any CPU.Build.0 = Debug|Any CPU
		{588BE4FA-CD71-486C-992A-2D357F45C14F}.Debug|ARM.ActiveCfg = Debug|Any CPU
		{588BE4FA-CD71-486C-992A-2D357F45C14F}.Debug|x86.ActiveCfg = Debug|Any CPU
		{588BE4FA-CD71-486C-992A-2D357F45C14F}.Release|Any CPU.ActiveCfg = Release|Any CPU
		{588BE4FA-CD71-486C-992A-2D357F45C14F}.Release|Any CPU.Build.0 = Release|Any CPU
		{588BE4FA-CD71-486C-992A-2D357F45C14F}.Release|ARM.ActiveCfg = Release|Any CPU
		{588BE4FA-CD71-486C-992A-2D357F45C14F}.Release|x86.ActiveCfg = Release|Any CPU
		{19D43F30-71C1-4196-843E-F697F5580B38}.Debug|Any CPU.ActiveCfg = Debug|Any CPU
		{19D43F30-71C1-4196-843E-F697F5580B38}.Debug|Any CPU.Build.0 = Debug|Any CPU
		{19D43F30-71C1-4196-843E-F697F5580B38}.Debug|ARM.ActiveCfg = Debug|Any CPU
		{19D43F30-71C1-4196-843E-F697F5580B38}.Debug|x86.ActiveCfg = Debug|Any CPU
		{19D43F30-71C1-4196-843E-F697F5580B38}.Release|Any CPU.ActiveCfg = Release|Any CPU
		{19D43F30-71C1-4196-843E-F697F5580B38}.Release|Any CPU.Build.0 = Release|Any CPU
		{19D43F30-71C1-4196-843E-F697F5580B38}.Release|ARM.ActiveCfg = Release|Any CPU
		{19D43F30-71C1-4196-843E-F697F5580B38}.Release|x86.ActiveCfg = Release|Any CPU
		{1ABC69BD-017C-40FB-8941-E4F0DF409758}.Debug|Any CPU.ActiveCfg = Debug|Any CPU
		{1ABC69BD-017C-40FB-8941-E4F0DF409758}.Debug|Any CPU.Build.0 = Debug|Any CPU
		{1ABC69BD-017C-40FB-8941-E4F0DF409758}.Debug|ARM.ActiveCfg = Debug|Any CPU
		{1ABC69BD-017C-40FB-8941-E4F0DF409758}.Debug|x86.ActiveCfg = Debug|Any CPU
		{1ABC69BD-017C-40FB-8941-E4F0DF409758}.Release|Any CPU.ActiveCfg = Release|Any CPU
		{1ABC69BD-017C-40FB-8941-E4F0DF409758}.Release|Any CPU.Build.0 = Release|Any CPU
		{1ABC69BD-017C-40FB-8941-E4F0DF409758}.Release|ARM.ActiveCfg = Release|Any CPU
		{1ABC69BD-017C-40FB-8941-E4F0DF409758}.Release|x86.ActiveCfg = Release|Any CPU
		{5D7575F5-8116-40D0-A54F-094D401E1B58}.Debug|Any CPU.ActiveCfg = Debug|Any CPU
		{5D7575F5-8116-40D0-A54F-094D401E1B58}.Debug|Any CPU.Build.0 = Debug|Any CPU
		{5D7575F5-8116-40D0-A54F-094D401E1B58}.Debug|Any CPU.Deploy.0 = Debug|Any CPU
		{5D7575F5-8116-40D0-A54F-094D401E1B58}.Debug|ARM.ActiveCfg = Debug|ARM
		{5D7575F5-8116-40D0-A54F-094D401E1B58}.Debug|ARM.Build.0 = Debug|ARM
		{5D7575F5-8116-40D0-A54F-094D401E1B58}.Debug|ARM.Deploy.0 = Debug|ARM
		{5D7575F5-8116-40D0-A54F-094D401E1B58}.Debug|x86.ActiveCfg = Debug|x86
		{5D7575F5-8116-40D0-A54F-094D401E1B58}.Debug|x86.Build.0 = Debug|x86
		{5D7575F5-8116-40D0-A54F-094D401E1B58}.Debug|x86.Deploy.0 = Debug|x86
		{5D7575F5-8116-40D0-A54F-094D401E1B58}.Release|Any CPU.ActiveCfg = Release|Any CPU
		{5D7575F5-8116-40D0-A54F-094D401E1B58}.Release|Any CPU.Build.0 = Release|Any CPU
		{5D7575F5-8116-40D0-A54F-094D401E1B58}.Release|Any CPU.Deploy.0 = Release|Any CPU
		{5D7575F5-8116-40D0-A54F-094D401E1B58}.Release|ARM.ActiveCfg = Release|ARM
		{5D7575F5-8116-40D0-A54F-094D401E1B58}.Release|ARM.Build.0 = Release|ARM
		{5D7575F5-8116-40D0-A54F-094D401E1B58}.Release|ARM.Deploy.0 = Release|ARM
		{5D7575F5-8116-40D0-A54F-094D401E1B58}.Release|x86.ActiveCfg = Release|x86
		{5D7575F5-8116-40D0-A54F-094D401E1B58}.Release|x86.Build.0 = Release|x86
		{5D7575F5-8116-40D0-A54F-094D401E1B58}.Release|x86.Deploy.0 = Release|x86
		{95086C3E-8DD3-43A0-B8B4-EC8FDB15BC76}.Debug|Any CPU.ActiveCfg = Debug|Any CPU
		{95086C3E-8DD3-43A0-B8B4-EC8FDB15BC76}.Debug|Any CPU.Build.0 = Debug|Any CPU
		{95086C3E-8DD3-43A0-B8B4-EC8FDB15BC76}.Debug|ARM.ActiveCfg = Debug|Any CPU
		{95086C3E-8DD3-43A0-B8B4-EC8FDB15BC76}.Debug|x86.ActiveCfg = Debug|Any CPU
		{95086C3E-8DD3-43A0-B8B4-EC8FDB15BC76}.Release|Any CPU.ActiveCfg = Release|Any CPU
		{95086C3E-8DD3-43A0-B8B4-EC8FDB15BC76}.Release|Any CPU.Build.0 = Release|Any CPU
		{95086C3E-8DD3-43A0-B8B4-EC8FDB15BC76}.Release|ARM.ActiveCfg = Release|Any CPU
		{95086C3E-8DD3-43A0-B8B4-EC8FDB15BC76}.Release|x86.ActiveCfg = Release|Any CPU
	EndGlobalSection
	GlobalSection(SolutionProperties) = preSolution
		HideSolutionNode = FALSE
	EndGlobalSection
EndGlobal
